// !$*UTF8*$!
{
	archiveVersion = 1;
	classes = {
	};
	objectVersion = 77;
	objects = {

/* Begin PBXBuildFile section */
		DD040E992EDE8A42009EC6F6 /* FirebaseAI in Frameworks */ = {isa = PBXBuildFile; productRef = DD040E982EDE8A42009EC6F6 /* FirebaseAI */; };
		DD040E9B2EDE8A42009EC6F6 /* FirebaseAILogic in Frameworks */ = {isa = PBXBuildFile; productRef = DD040E9A2EDE8A42009EC6F6 /* FirebaseAILogic */; };
		DD040E9D2EDE8A42009EC6F6 /* FirebaseAnalytics in Frameworks */ = {isa = PBXBuildFile; productRef = DD040E9C2EDE8A42009EC6F6 /* FirebaseAnalytics */; };
		DD040E9F2EDE8A42009EC6F6 /* FirebaseAnalyticsCore in Frameworks */ = {isa = PBXBuildFile; productRef = DD040E9E2EDE8A42009EC6F6 /* FirebaseAnalyticsCore */; };
		DD040EA12EDE8A42009EC6F6 /* FirebaseAnalyticsIdentitySupport in Frameworks */ = {isa = PBXBuildFile; productRef = DD040EA02EDE8A42009EC6F6 /* FirebaseAnalyticsIdentitySupport */; };
		DD040EA32EDE8A42009EC6F6 /* FirebaseAppCheck in Frameworks */ = {isa = PBXBuildFile; productRef = DD040EA22EDE8A42009EC6F6 /* FirebaseAppCheck */; };
		DD040EA52EDE8A42009EC6F6 /* FirebaseAppDistribution-Beta in Frameworks */ = {isa = PBXBuildFile; productRef = DD040EA42EDE8A42009EC6F6 /* FirebaseAppDistribution-Beta */; };
		DD040EA72EDE8A42009EC6F6 /* FirebaseAuth in Frameworks */ = {isa = PBXBuildFile; productRef = DD040EA62EDE8A42009EC6F6 /* FirebaseAuth */; };
		DD040EA92EDE8A42009EC6F6 /* FirebaseAuthCombine-Community in Frameworks */ = {isa = PBXBuildFile; productRef = DD040EA82EDE8A42009EC6F6 /* FirebaseAuthCombine-Community */; };
		DD040EAB2EDE8A42009EC6F6 /* FirebaseCore in Frameworks */ = {isa = PBXBuildFile; productRef = DD040EAA2EDE8A42009EC6F6 /* FirebaseCore */; };
		DD040EAD2EDE8A42009EC6F6 /* FirebaseCrashlytics in Frameworks */ = {isa = PBXBuildFile; productRef = DD040EAC2EDE8A42009EC6F6 /* FirebaseCrashlytics */; };
		DD040EAF2EDE8A42009EC6F6 /* FirebaseDatabase in Frameworks */ = {isa = PBXBuildFile; productRef = DD040EAE2EDE8A42009EC6F6 /* FirebaseDatabase */; };
		DD040EB12EDE8A42009EC6F6 /* FirebaseFirestore in Frameworks */ = {isa = PBXBuildFile; productRef = DD040EB02EDE8A42009EC6F6 /* FirebaseFirestore */; };
		DD040EB32EDE8A42009EC6F6 /* FirebaseFirestoreCombine-Community in Frameworks */ = {isa = PBXBuildFile; productRef = DD040EB22EDE8A42009EC6F6 /* FirebaseFirestoreCombine-Community */; };
		DD040EB52EDE8A42009EC6F6 /* FirebaseFunctions in Frameworks */ = {isa = PBXBuildFile; productRef = DD040EB42EDE8A42009EC6F6 /* FirebaseFunctions */; };
		DD040EB72EDE8A42009EC6F6 /* FirebaseFunctionsCombine-Community in Frameworks */ = {isa = PBXBuildFile; productRef = DD040EB62EDE8A42009EC6F6 /* FirebaseFunctionsCombine-Community */; };
		DD040EBB2EDE8A42009EC6F6 /* FirebaseInstallations in Frameworks */ = {isa = PBXBuildFile; productRef = DD040EBA2EDE8A42009EC6F6 /* FirebaseInstallations */; };
		DD040EBD2EDE8A42009EC6F6 /* FirebaseMLModelDownloader in Frameworks */ = {isa = PBXBuildFile; productRef = DD040EBC2EDE8A42009EC6F6 /* FirebaseMLModelDownloader */; };
		DD040EBF2EDE8A42009EC6F6 /* FirebaseMessaging in Frameworks */ = {isa = PBXBuildFile; productRef = DD040EBE2EDE8A42009EC6F6 /* FirebaseMessaging */; };
		DD040EC12EDE8A42009EC6F6 /* FirebasePerformance in Frameworks */ = {isa = PBXBuildFile; productRef = DD040EC02EDE8A42009EC6F6 /* FirebasePerformance */; };
		DD040EC32EDE8A42009EC6F6 /* FirebaseRemoteConfig in Frameworks */ = {isa = PBXBuildFile; productRef = DD040EC22EDE8A42009EC6F6 /* FirebaseRemoteConfig */; };
		DD040EC52EDE8A42009EC6F6 /* FirebaseStorage in Frameworks */ = {isa = PBXBuildFile; productRef = DD040EC42EDE8A42009EC6F6 /* FirebaseStorage */; };
		DD040EC72EDE8A42009EC6F6 /* FirebaseStorageCombine-Community in Frameworks */ = {isa = PBXBuildFile; productRef = DD040EC62EDE8A42009EC6F6 /* FirebaseStorageCombine-Community */; };
		DD308D232EDBDEC800FC8D49 /* Config.xcconfig in Resources */ = {isa = PBXBuildFile; fileRef = DD308D222EDBDEC800FC8D49 /* Config.xcconfig */; };
		DD757CD32EDFD695004A97CA /* GoogleService-Info.plist in Resources */ = {isa = PBXBuildFile; fileRef = DD757CD22EDFD695004A97CA /* GoogleService-Info.plist */; };
		DD9128CB2EDFCBCB006FCB2B /* .gitignore in Resources */ = {isa = PBXBuildFile; fileRef = DD9128CA2EDFCBCB006FCB2B /* .gitignore */; };
/* End PBXBuildFile section */

/* Begin PBXFileReference section */
		DD308CEC2EDA7F7F00FC8D49 /* NebRatings.app */ = {isa = PBXFileReference; explicitFileType = wrapper.application; includeInIndex = 0; path = NebRatings.app; sourceTree = BUILT_PRODUCTS_DIR; };
		DD308D222EDBDEC800FC8D49 /* Config.xcconfig */ = {isa = PBXFileReference; lastKnownFileType = text.xcconfig; path = Config.xcconfig; sourceTree = "<group>"; };
		DD757CD22EDFD695004A97CA /* GoogleService-Info.plist */ = {isa = PBXFileReference; explicitFileType = text.plist.xml; path = "GoogleService-Info.plist"; sourceTree = "<group>"; };
		DD9128CA2EDFCBCB006FCB2B /* .gitignore */ = {isa = PBXFileReference; lastKnownFileType = text; path = .gitignore; sourceTree = "<group>"; };
/* End PBXFileReference section */

/* Begin PBXFileSystemSynchronizedBuildFileExceptionSet section */
		DD308CF92EDA7F8100FC8D49 /* Exceptions for "NebRatings" folder in "NebRatings" target */ = {
			isa = PBXFileSystemSynchronizedBuildFileExceptionSet;
			membershipExceptions = (
				Info.plist,
			);
			target = DD308CEB2EDA7F7F00FC8D49 /* NebRatings */;
		};
/* End PBXFileSystemSynchronizedBuildFileExceptionSet section */

/* Begin PBXFileSystemSynchronizedRootGroup section */
		DD308CEE2EDA7F7F00FC8D49 /* NebRatings */ = {
			isa = PBXFileSystemSynchronizedRootGroup;
			exceptions = (
				DD308CF92EDA7F8100FC8D49 /* Exceptions for "NebRatings" folder in "NebRatings" target */,
			);
			path = NebRatings;
			sourceTree = "<group>";
		};
/* End PBXFileSystemSynchronizedRootGroup section */

/* Begin PBXFrameworksBuildPhase section */
		DD308CE92EDA7F7F00FC8D49 /* Frameworks */ = {
			isa = PBXFrameworksBuildPhase;
			buildActionMask = 2147483647;
			files = (
				DD040EA52EDE8A42009EC6F6 /* FirebaseAppDistribution-Beta in Frameworks */,
				DD040EB12EDE8A42009EC6F6 /* FirebaseFirestore in Frameworks */,
				DD040EA92EDE8A42009EC6F6 /* FirebaseAuthCombine-Community in Frameworks */,
				DD040EBB2EDE8A42009EC6F6 /* FirebaseInstallations in Frameworks */,
				DD040E9B2EDE8A42009EC6F6 /* FirebaseAILogic in Frameworks */,
				DD040EA12EDE8A42009EC6F6 /* FirebaseAnalyticsIdentitySupport in Frameworks */,
				DD040E992EDE8A42009EC6F6 /* FirebaseAI in Frameworks */,
				DD040EAD2EDE8A42009EC6F6 /* FirebaseCrashlytics in Frameworks */,
				DD040EB72EDE8A42009EC6F6 /* FirebaseFunctionsCombine-Community in Frameworks */,
				DD040EC72EDE8A42009EC6F6 /* FirebaseStorageCombine-Community in Frameworks */,
				DD040EAF2EDE8A42009EC6F6 /* FirebaseDatabase in Frameworks */,
				DD040EC52EDE8A42009EC6F6 /* FirebaseStorage in Frameworks */,
				DD040EC32EDE8A42009EC6F6 /* FirebaseRemoteConfig in Frameworks */,
				DD040E9D2EDE8A42009EC6F6 /* FirebaseAnalytics in Frameworks */,
				DD040EBF2EDE8A42009EC6F6 /* FirebaseMessaging in Frameworks */,
				DD040EBD2EDE8A42009EC6F6 /* FirebaseMLModelDownloader in Frameworks */,
				DD040EC12EDE8A42009EC6F6 /* FirebasePerformance in Frameworks */,
				DD040EAB2EDE8A42009EC6F6 /* FirebaseCore in Frameworks */,
				DD040EA32EDE8A42009EC6F6 /* FirebaseAppCheck in Frameworks */,
				DD040E9F2EDE8A42009EC6F6 /* FirebaseAnalyticsCore in Frameworks */,
				DD040EB52EDE8A42009EC6F6 /* FirebaseFunctions in Frameworks */,
				DD040EA72EDE8A42009EC6F6 /* FirebaseAuth in Frameworks */,
				DD040EB32EDE8A42009EC6F6 /* FirebaseFirestoreCombine-Community in Frameworks */,
			);
			runOnlyForDeploymentPostprocessing = 0;
		};
/* End PBXFrameworksBuildPhase section */

/* Begin PBXGroup section */
		DD308CE32EDA7F7F00FC8D49 = {
			isa = PBXGroup;
			children = (
				DD9128CA2EDFCBCB006FCB2B /* .gitignore */,
				DD308CEE2EDA7F7F00FC8D49 /* NebRatings */,
				DD308CED2EDA7F7F00FC8D49 /* Products */,
				DD308D222EDBDEC800FC8D49 /* Config.xcconfig */,
				DD757CD22EDFD695004A97CA /* GoogleService-Info.plist */,
			);
			sourceTree = "<group>";
		};
		DD308CED2EDA7F7F00FC8D49 /* Products */ = {
			isa = PBXGroup;
			children = (
				DD308CEC2EDA7F7F00FC8D49 /* NebRatings.app */,
			);
			name = Products;
			sourceTree = "<group>";
		};
/* End PBXGroup section */

/* Begin PBXNativeTarget section */
		DD308CEB2EDA7F7F00FC8D49 /* NebRatings */ = {
			isa = PBXNativeTarget;
			buildConfigurationList = DD308CFA2EDA7F8100FC8D49 /* Build configuration list for PBXNativeTarget "NebRatings" */;
			buildPhases = (
				DD308CE82EDA7F7F00FC8D49 /* Sources */,
				DD308CE92EDA7F7F00FC8D49 /* Frameworks */,
				DD308CEA2EDA7F7F00FC8D49 /* Resources */,
			);
			buildRules = (
			);
			dependencies = (
			);
			fileSystemSynchronizedGroups = (
				DD308CEE2EDA7F7F00FC8D49 /* NebRatings */,
			);
			name = NebRatings;
			packageProductDependencies = (
				DD040E982EDE8A42009EC6F6 /* FirebaseAI */,
				DD040E9A2EDE8A42009EC6F6 /* FirebaseAILogic */,
				DD040E9C2EDE8A42009EC6F6 /* FirebaseAnalytics */,
				DD040E9E2EDE8A42009EC6F6 /* FirebaseAnalyticsCore */,
				DD040EA02EDE8A42009EC6F6 /* FirebaseAnalyticsIdentitySupport */,
				DD040EA22EDE8A42009EC6F6 /* FirebaseAppCheck */,
				DD040EA42EDE8A42009EC6F6 /* FirebaseAppDistribution-Beta */,
				DD040EA62EDE8A42009EC6F6 /* FirebaseAuth */,
				DD040EA82EDE8A42009EC6F6 /* FirebaseAuthCombine-Community */,
				DD040EAA2EDE8A42009EC6F6 /* FirebaseCore */,
				DD040EAC2EDE8A42009EC6F6 /* FirebaseCrashlytics */,
				DD040EAE2EDE8A42009EC6F6 /* FirebaseDatabase */,
				DD040EB02EDE8A42009EC6F6 /* FirebaseFirestore */,
				DD040EB22EDE8A42009EC6F6 /* FirebaseFirestoreCombine-Community */,
				DD040EB42EDE8A42009EC6F6 /* FirebaseFunctions */,
				DD040EB62EDE8A42009EC6F6 /* FirebaseFunctionsCombine-Community */,
				DD040EBA2EDE8A42009EC6F6 /* FirebaseInstallations */,
				DD040EBC2EDE8A42009EC6F6 /* FirebaseMLModelDownloader */,
				DD040EBE2EDE8A42009EC6F6 /* FirebaseMessaging */,
				DD040EC02EDE8A42009EC6F6 /* FirebasePerformance */,
				DD040EC22EDE8A42009EC6F6 /* FirebaseRemoteConfig */,
				DD040EC42EDE8A42009EC6F6 /* FirebaseStorage */,
				DD040EC62EDE8A42009EC6F6 /* FirebaseStorageCombine-Community */,
			);
			productName = NebRatings;
			productReference = DD308CEC2EDA7F7F00FC8D49 /* NebRatings.app */;
			productType = "com.apple.product-type.application";
		};
/* End PBXNativeTarget section */

/* Begin PBXProject section */
		DD308CE42EDA7F7F00FC8D49 /* Project object */ = {
			isa = PBXProject;
			attributes = {
				BuildIndependentTargetsInParallel = 1;
				LastSwiftUpdateCheck = 2610;
				LastUpgradeCheck = 2610;
				TargetAttributes = {
					DD308CEB2EDA7F7F00FC8D49 = {
						CreatedOnToolsVersion = 26.1.1;
					};
				};
			};
			buildConfigurationList = DD308CE72EDA7F7F00FC8D49 /* Build configuration list for PBXProject "NebRatings" */;
			developmentRegion = en;
			hasScannedForEncodings = 0;
			knownRegions = (
				en,
				Base,
			);
			mainGroup = DD308CE32EDA7F7F00FC8D49;
			minimizedProjectReferenceProxies = 1;
			packageReferences = (
				DD040E972EDE8A41009EC6F6 /* XCRemoteSwiftPackageReference "firebase-ios-sdk" */,
			);
			preferredProjectObjectVersion = 77;
			productRefGroup = DD308CED2EDA7F7F00FC8D49 /* Products */;
			projectDirPath = "";
			projectRoot = "";
			targets = (
				DD308CEB2EDA7F7F00FC8D49 /* NebRatings */,
			);
		};
/* End PBXProject section */

/* Begin PBXResourcesBuildPhase section */
		DD308CEA2EDA7F7F00FC8D49 /* Resources */ = {
			isa = PBXResourcesBuildPhase;
			buildActionMask = 2147483647;
			files = (
				DD757CD32EDFD695004A97CA /* GoogleService-Info.plist in Resources */,
				DD9128CB2EDFCBCB006FCB2B /* .gitignore in Resources */,
				DD308D232EDBDEC800FC8D49 /* Config.xcconfig in Resources */,
			);
			runOnlyForDeploymentPostprocessing = 0;
		};
/* End PBXResourcesBuildPhase section */

/* Begin PBXSourcesBuildPhase section */
		DD308CE82EDA7F7F00FC8D49 /* Sources */ = {
			isa = PBXSourcesBuildPhase;
			buildActionMask = 2147483647;
			files = (
			);
			runOnlyForDeploymentPostprocessing = 0;
		};
/* End PBXSourcesBuildPhase section */

/* Begin XCBuildConfiguration section */
		DD308CFB2EDA7F8100FC8D49 /* Debug */ = {
			isa = XCBuildConfiguration;
			baseConfigurationReference = DD308D222EDBDEC800FC8D49 /* Config.xcconfig */;
			buildSettings = {
				ASSETCATALOG_COMPILER_APPICON_NAME = AppIcon;
				ASSETCATALOG_COMPILER_GLOBAL_ACCENT_COLOR_NAME = AccentColor;
				CODE_SIGN_ENTITLEMENTS = NebRatings/NebRatings.entitlements;
				CODE_SIGN_STYLE = Automatic;
				CURRENT_PROJECT_VERSION = 1;
				DEVELOPMENT_TEAM = ND29VRWA3P;
				ENABLE_PREVIEWS = YES;
				GENERATE_INFOPLIST_FILE = YES;
				INFOPLIST_FILE = NebRatings/Info.plist;
				INFOPLIST_KEY_CFBundleDisplayName = NebRatings;
				INFOPLIST_KEY_LSApplicationCategoryType = "public.app-category.entertainment";
				INFOPLIST_KEY_UIApplicationSceneManifest_Generation = YES;
				INFOPLIST_KEY_UIApplicationSupportsIndirectInputEvents = YES;
				INFOPLIST_KEY_UILaunchScreen_Generation = YES;
				INFOPLIST_KEY_UISupportedInterfaceOrientations_iPad = "UIInterfaceOrientationPortrait UIInterfaceOrientationPortraitUpsideDown UIInterfaceOrientationLandscapeLeft UIInterfaceOrientationLandscapeRight";
				INFOPLIST_KEY_UISupportedInterfaceOrientations_iPhone = "UIInterfaceOrientationPortrait UIInterfaceOrientationLandscapeLeft UIInterfaceOrientationLandscapeRight";
				LD_RUNPATH_SEARCH_PATHS = (
					"$(inherited)",
					"@executable_path/Frameworks",
				);
				MARKETING_VERSION = 1.0.1;
				PRODUCT_BUNDLE_IDENTIFIER = com.colewhaley.NebRatings;
				PRODUCT_NAME = "$(TARGET_NAME)";
				STRING_CATALOG_GENERATE_SYMBOLS = YES;
				SWIFT_APPROACHABLE_CONCURRENCY = YES;
				SWIFT_DEFAULT_ACTOR_ISOLATION = MainActor;
				SWIFT_EMIT_LOC_STRINGS = YES;
				SWIFT_UPCOMING_FEATURE_MEMBER_IMPORT_VISIBILITY = YES;
				SWIFT_VERSION = 5.0;
				TARGETED_DEVICE_FAMILY = "1,2";
			};
			name = Debug;
		};
		DD308CFC2EDA7F8100FC8D49 /* Release */ = {
			isa = XCBuildConfiguration;
			baseConfigurationReference = DD308D222EDBDEC800FC8D49 /* Config.xcconfig */;
			buildSettings = {
				ASSETCATALOG_COMPILER_APPICON_NAME = AppIcon;
				ASSETCATALOG_COMPILER_GLOBAL_ACCENT_COLOR_NAME = AccentColor;
				CODE_SIGN_ENTITLEMENTS = NebRatings/NebRatings.entitlements;
				CODE_SIGN_STYLE = Automatic;
				CURRENT_PROJECT_VERSION = 1;
				DEVELOPMENT_TEAM = ND29VRWA3P;
				ENABLE_PREVIEWS = YES;
				GENERATE_INFOPLIST_FILE = YES;
				INFOPLIST_FILE = NebRatings/Info.plist;
				INFOPLIST_KEY_CFBundleDisplayName = NebRatings;
				INFOPLIST_KEY_LSApplicationCategoryType = "public.app-category.entertainment";
				INFOPLIST_KEY_UIApplicationSceneManifest_Generation = YES;
				INFOPLIST_KEY_UIApplicationSupportsIndirectInputEvents = YES;
				INFOPLIST_KEY_UILaunchScreen_Generation = YES;
				INFOPLIST_KEY_UISupportedInterfaceOrientations_iPad = "UIInterfaceOrientationPortrait UIInterfaceOrientationPortraitUpsideDown UIInterfaceOrientationLandscapeLeft UIInterfaceOrientationLandscapeRight";
				INFOPLIST_KEY_UISupportedInterfaceOrientations_iPhone = "UIInterfaceOrientationPortrait UIInterfaceOrientationLandscapeLeft UIInterfaceOrientationLandscapeRight";
				LD_RUNPATH_SEARCH_PATHS = (
					"$(inherited)",
					"@executable_path/Frameworks",
				);
				MARKETING_VERSION = 1.0.1;
				PRODUCT_BUNDLE_IDENTIFIER = com.colewhaley.NebRatings;
				PRODUCT_NAME = "$(TARGET_NAME)";
				STRING_CATALOG_GENERATE_SYMBOLS = YES;
				SWIFT_APPROACHABLE_CONCURRENCY = YES;
				SWIFT_DEFAULT_ACTOR_ISOLATION = MainActor;
				SWIFT_EMIT_LOC_STRINGS = YES;
				SWIFT_UPCOMING_FEATURE_MEMBER_IMPORT_VISIBILITY = YES;
				SWIFT_VERSION = 5.0;
				TARGETED_DEVICE_FAMILY = "1,2";
			};
			name = Release;
		};
		DD308CFD2EDA7F8100FC8D49 /* Debug */ = {
			isa = XCBuildConfiguration;
			baseConfigurationReference = DD308D222EDBDEC800FC8D49 /* Config.xcconfig */;
			buildSettings = {
				ALWAYS_SEARCH_USER_PATHS = NO;
				ASSETCATALOG_COMPILER_GENERATE_SWIFT_ASSET_SYMBOL_EXTENSIONS = YES;
				CLANG_ANALYZER_NONNULL = YES;
				CLANG_ANALYZER_NUMBER_OBJECT_CONVERSION = YES_AGGRESSIVE;
				CLANG_CXX_LANGUAGE_STANDARD = "gnu++20";
				CLANG_ENABLE_MODULES = YES;
				CLANG_ENABLE_OBJC_ARC = YES;
				CLANG_ENABLE_OBJC_WEAK = YES;
				CLANG_WARN_BLOCK_CAPTURE_AUTORELEASING = YES;
				CLANG_WARN_BOOL_CONVERSION = YES;
				CLANG_WARN_COMMA = YES;
				CLANG_WARN_CONSTANT_CONVERSION = YES;
				CLANG_WARN_DEPRECATED_OBJC_IMPLEMENTATIONS = YES;
				CLANG_WARN_DIRECT_OBJC_ISA_USAGE = YES_ERROR;
				CLANG_WARN_DOCUMENTATION_COMMENTS = YES;
				CLANG_WARN_EMPTY_BODY = YES;
				CLANG_WARN_ENUM_CONVERSION = YES;
				CLANG_WARN_INFINITE_RECURSION = YES;
				CLANG_WARN_INT_CONVERSION = YES;
				CLANG_WARN_NON_LITERAL_NULL_CONVERSION = YES;
				CLANG_WARN_OBJC_IMPLICIT_RETAIN_SELF = YES;
				CLANG_WARN_OBJC_LITERAL_CONVERSION = YES;
				CLANG_WARN_OBJC_ROOT_CLASS = YES_ERROR;
				CLANG_WARN_QUOTED_INCLUDE_IN_FRAMEWORK_HEADER = YES;
				CLANG_WARN_RANGE_LOOP_ANALYSIS = YES;
				CLANG_WARN_STRICT_PROTOTYPES = YES;
				CLANG_WARN_SUSPICIOUS_MOVE = YES;
				CLANG_WARN_UNGUARDED_AVAILABILITY = YES_AGGRESSIVE;
				CLANG_WARN_UNREACHABLE_CODE = YES;
				CLANG_WARN__DUPLICATE_METHOD_MATCH = YES;
				COPY_PHASE_STRIP = NO;
				DEBUG_INFORMATION_FORMAT = dwarf;
				DEVELOPMENT_TEAM = ND29VRWA3P;
				ENABLE_STRICT_OBJC_MSGSEND = YES;
				ENABLE_TESTABILITY = YES;
				ENABLE_USER_SCRIPT_SANDBOXING = YES;
				GCC_C_LANGUAGE_STANDARD = gnu17;
				GCC_DYNAMIC_NO_PIC = NO;
				GCC_NO_COMMON_BLOCKS = YES;
				GCC_OPTIMIZATION_LEVEL = 0;
				GCC_PREPROCESSOR_DEFINITIONS = (
					"DEBUG=1",
					"$(inherited)",
				);
				GCC_WARN_64_TO_32_BIT_CONVERSION = YES;
				GCC_WARN_ABOUT_RETURN_TYPE = YES_ERROR;
				GCC_WARN_UNDECLARED_SELECTOR = YES;
				GCC_WARN_UNINITIALIZED_AUTOS = YES_AGGRESSIVE;
				GCC_WARN_UNUSED_FUNCTION = YES;
				GCC_WARN_UNUSED_VARIABLE = YES;
				IPHONEOS_DEPLOYMENT_TARGET = 17.0;
				LOCALIZATION_PREFERS_STRING_CATALOGS = YES;
				MTL_ENABLE_DEBUG_INFO = INCLUDE_SOURCE;
				MTL_FAST_MATH = YES;
				ONLY_ACTIVE_ARCH = YES;
				SDKROOT = iphoneos;
				SWIFT_ACTIVE_COMPILATION_CONDITIONS = "DEBUG $(inherited)";
				SWIFT_OPTIMIZATION_LEVEL = "-Onone";
			};
			name = Debug;
		};
		DD308CFE2EDA7F8100FC8D49 /* Release */ = {
			isa = XCBuildConfiguration;
			baseConfigurationReference = DD308D222EDBDEC800FC8D49 /* Config.xcconfig */;
			buildSettings = {
				ALWAYS_SEARCH_USER_PATHS = NO;
				ASSETCATALOG_COMPILER_GENERATE_SWIFT_ASSET_SYMBOL_EXTENSIONS = YES;
				CLANG_ANALYZER_NONNULL = YES;
				CLANG_ANALYZER_NUMBER_OBJECT_CONVERSION = YES_AGGRESSIVE;
				CLANG_CXX_LANGUAGE_STANDARD = "gnu++20";
				CLANG_ENABLE_MODULES = YES;
				CLANG_ENABLE_OBJC_ARC = YES;
				CLANG_ENABLE_OBJC_WEAK = YES;
				CLANG_WARN_BLOCK_CAPTURE_AUTORELEASING = YES;
				CLANG_WARN_BOOL_CONVERSION = YES;
				CLANG_WARN_COMMA = YES;
				CLANG_WARN_CONSTANT_CONVERSION = YES;
				CLANG_WARN_DEPRECATED_OBJC_IMPLEMENTATIONS = YES;
				CLANG_WARN_DIRECT_OBJC_ISA_USAGE = YES_ERROR;
				CLANG_WARN_DOCUMENTATION_COMMENTS = YES;
				CLANG_WARN_EMPTY_BODY = YES;
				CLANG_WARN_ENUM_CONVERSION = YES;
				CLANG_WARN_INFINITE_RECURSION = YES;
				CLANG_WARN_INT_CONVERSION = YES;
				CLANG_WARN_NON_LITERAL_NULL_CONVERSION = YES;
				CLANG_WARN_OBJC_IMPLICIT_RETAIN_SELF = YES;
				CLANG_WARN_OBJC_LITERAL_CONVERSION = YES;
				CLANG_WARN_OBJC_ROOT_CLASS = YES_ERROR;
				CLANG_WARN_QUOTED_INCLUDE_IN_FRAMEWORK_HEADER = YES;
				CLANG_WARN_RANGE_LOOP_ANALYSIS = YES;
				CLANG_WARN_STRICT_PROTOTYPES = YES;
				CLANG_WARN_SUSPICIOUS_MOVE = YES;
				CLANG_WARN_UNGUARDED_AVAILABILITY = YES_AGGRESSIVE;
				CLANG_WARN_UNREACHABLE_CODE = YES;
				CLANG_WARN__DUPLICATE_METHOD_MATCH = YES;
				COPY_PHASE_STRIP = NO;
				DEBUG_INFORMATION_FORMAT = "dwarf-with-dsym";
				DEVELOPMENT_TEAM = ND29VRWA3P;
				ENABLE_NS_ASSERTIONS = NO;
				ENABLE_STRICT_OBJC_MSGSEND = YES;
				ENABLE_USER_SCRIPT_SANDBOXING = YES;
				GCC_C_LANGUAGE_STANDARD = gnu17;
				GCC_NO_COMMON_BLOCKS = YES;
				GCC_WARN_64_TO_32_BIT_CONVERSION = YES;
				GCC_WARN_ABOUT_RETURN_TYPE = YES_ERROR;
				GCC_WARN_UNDECLARED_SELECTOR = YES;
				GCC_WARN_UNINITIALIZED_AUTOS = YES_AGGRESSIVE;
				GCC_WARN_UNUSED_FUNCTION = YES;
				GCC_WARN_UNUSED_VARIABLE = YES;
				IPHONEOS_DEPLOYMENT_TARGET = 17.0;
				LOCALIZATION_PREFERS_STRING_CATALOGS = YES;
				MTL_ENABLE_DEBUG_INFO = NO;
				MTL_FAST_MATH = YES;
				SDKROOT = iphoneos;
				SWIFT_COMPILATION_MODE = wholemodule;
				VALIDATE_PRODUCT = YES;
			};
			name = Release;
		};
/* End XCBuildConfiguration section */

/* Begin XCConfigurationList section */
		DD308CE72EDA7F7F00FC8D49 /* Build configuration list for PBXProject "NebRatings" */ = {
			isa = XCConfigurationList;
			buildConfigurations = (
				DD308CFD2EDA7F8100FC8D49 /* Debug */,
				DD308CFE2EDA7F8100FC8D49 /* Release */,
			);
			defaultConfigurationIsVisible = 0;
			defaultConfigurationName = Release;
		};
		DD308CFA2EDA7F8100FC8D49 /* Build configuration list for PBXNativeTarget "NebRatings" */ = {
			isa = XCConfigurationList;
			buildConfigurations = (
				DD308CFB2EDA7F8100FC8D49 /* Debug */,
				DD308CFC2EDA7F8100FC8D49 /* Release */,
			);
			defaultConfigurationIsVisible = 0;
			defaultConfigurationName = Release;
		};
/* End XCConfigurationList section */

/* Begin XCRemoteSwiftPackageReference section */
		DD040E972EDE8A41009EC6F6 /* XCRemoteSwiftPackageReference "firebase-ios-sdk" */ = {
			isa = XCRemoteSwiftPackageReference;
			repositoryURL = "https://github.com/firebase/firebase-ios-sdk";
			requirement = {
				kind = upToNextMajorVersion;
				minimumVersion = 12.6.0;
			};
		};
/* End XCRemoteSwiftPackageReference section */

/* Begin XCSwiftPackageProductDependency section */
		DD040E982EDE8A42009EC6F6 /* FirebaseAI */ = {
			isa = XCSwiftPackageProductDependency;
			package = DD040E972EDE8A41009EC6F6 /* XCRemoteSwiftPackageReference "firebase-ios-sdk" */;
			productName = FirebaseAI;
		};
		DD040E9A2EDE8A42009EC6F6 /* FirebaseAILogic */ = {
			isa = XCSwiftPackageProductDependency;
			package = DD040E972EDE8A41009EC6F6 /* XCRemoteSwiftPackageReference "firebase-ios-sdk" */;
			productName = FirebaseAILogic;
		};
		DD040E9C2EDE8A42009EC6F6 /* FirebaseAnalytics */ = {
			isa = XCSwiftPackageProductDependency;
			package = DD040E972EDE8A41009EC6F6 /* XCRemoteSwiftPackageReference "firebase-ios-sdk" */;
			productName = FirebaseAnalytics;
		};
		DD040E9E2EDE8A42009EC6F6 /* FirebaseAnalyticsCore */ = {
			isa = XCSwiftPackageProductDependency;
			package = DD040E972EDE8A41009EC6F6 /* XCRemoteSwiftPackageReference "firebase-ios-sdk" */;
			productName = FirebaseAnalyticsCore;
		};
		DD040EA02EDE8A42009EC6F6 /* FirebaseAnalyticsIdentitySupport */ = {
			isa = XCSwiftPackageProductDependency;
			package = DD040E972EDE8A41009EC6F6 /* XCRemoteSwiftPackageReference "firebase-ios-sdk" */;
			productName = FirebaseAnalyticsIdentitySupport;
		};
		DD040EA22EDE8A42009EC6F6 /* FirebaseAppCheck */ = {
			isa = XCSwiftPackageProductDependency;
			package = DD040E972EDE8A41009EC6F6 /* XCRemoteSwiftPackageReference "firebase-ios-sdk" */;
			productName = FirebaseAppCheck;
		};
		DD040EA42EDE8A42009EC6F6 /* FirebaseAppDistribution-Beta */ = {
			isa = XCSwiftPackageProductDependency;
			package = DD040E972EDE8A41009EC6F6 /* XCRemoteSwiftPackageReference "firebase-ios-sdk" */;
			productName = "FirebaseAppDistribution-Beta";
		};
		DD040EA62EDE8A42009EC6F6 /* FirebaseAuth */ = {
			isa = XCSwiftPackageProductDependency;
			package = DD040E972EDE8A41009EC6F6 /* XCRemoteSwiftPackageReference "firebase-ios-sdk" */;
			productName = FirebaseAuth;
		};
		DD040EA82EDE8A42009EC6F6 /* FirebaseAuthCombine-Community */ = {
			isa = XCSwiftPackageProductDependency;
			package = DD040E972EDE8A41009EC6F6 /* XCRemoteSwiftPackageReference "firebase-ios-sdk" */;
			productName = "FirebaseAuthCombine-Community";
		};
		DD040EAA2EDE8A42009EC6F6 /* FirebaseCore */ = {
			isa = XCSwiftPackageProductDependency;
			package = DD040E972EDE8A41009EC6F6 /* XCRemoteSwiftPackageReference "firebase-ios-sdk" */;
			productName = FirebaseCore;
		};
		DD040EAC2EDE8A42009EC6F6 /* FirebaseCrashlytics */ = {
			isa = XCSwiftPackageProductDependency;
			package = DD040E972EDE8A41009EC6F6 /* XCRemoteSwiftPackageReference "firebase-ios-sdk" */;
			productName = FirebaseCrashlytics;
		};
		DD040EAE2EDE8A42009EC6F6 /* FirebaseDatabase */ = {
			isa = XCSwiftPackageProductDependency;
			package = DD040E972EDE8A41009EC6F6 /* XCRemoteSwiftPackageReference "firebase-ios-sdk" */;
			productName = FirebaseDatabase;
		};
		DD040EB02EDE8A42009EC6F6 /* FirebaseFirestore */ = {
			isa = XCSwiftPackageProductDependency;
			package = DD040E972EDE8A41009EC6F6 /* XCRemoteSwiftPackageReference "firebase-ios-sdk" */;
			productName = FirebaseFirestore;
		};
		DD040EB22EDE8A42009EC6F6 /* FirebaseFirestoreCombine-Community */ = {
			isa = XCSwiftPackageProductDependency;
			package = DD040E972EDE8A41009EC6F6 /* XCRemoteSwiftPackageReference "firebase-ios-sdk" */;
			productName = "FirebaseFirestoreCombine-Community";
		};
		DD040EB42EDE8A42009EC6F6 /* FirebaseFunctions */ = {
			isa = XCSwiftPackageProductDependency;
			package = DD040E972EDE8A41009EC6F6 /* XCRemoteSwiftPackageReference "firebase-ios-sdk" */;
			productName = FirebaseFunctions;
		};
		DD040EB62EDE8A42009EC6F6 /* FirebaseFunctionsCombine-Community */ = {
			isa = XCSwiftPackageProductDependency;
			package = DD040E972EDE8A41009EC6F6 /* XCRemoteSwiftPackageReference "firebase-ios-sdk" */;
			productName = "FirebaseFunctionsCombine-Community";
		};
		DD040EBA2EDE8A42009EC6F6 /* FirebaseInstallations */ = {
			isa = XCSwiftPackageProductDependency;
			package = DD040E972EDE8A41009EC6F6 /* XCRemoteSwiftPackageReference "firebase-ios-sdk" */;
			productName = FirebaseInstallations;
		};
		DD040EBC2EDE8A42009EC6F6 /* FirebaseMLModelDownloader */ = {
			isa = XCSwiftPackageProductDependency;
			package = DD040E972EDE8A41009EC6F6 /* XCRemoteSwiftPackageReference "firebase-ios-sdk" */;
			productName = FirebaseMLModelDownloader;
		};
		DD040EBE2EDE8A42009EC6F6 /* FirebaseMessaging */ = {
			isa = XCSwiftPackageProductDependency;
			package = DD040E972EDE8A41009EC6F6 /* XCRemoteSwiftPackageReference "firebase-ios-sdk" */;
			productName = FirebaseMessaging;
		};
		DD040EC02EDE8A42009EC6F6 /* FirebasePerformance */ = {
			isa = XCSwiftPackageProductDependency;
			package = DD040E972EDE8A41009EC6F6 /* XCRemoteSwiftPackageReference "firebase-ios-sdk" */;
			productName = FirebasePerformance;
		};
		DD040EC22EDE8A42009EC6F6 /* FirebaseRemoteConfig */ = {
			isa = XCSwiftPackageProductDependency;
			package = DD040E972EDE8A41009EC6F6 /* XCRemoteSwiftPackageReference "firebase-ios-sdk" */;
			productName = FirebaseRemoteConfig;
		};
		DD040EC42EDE8A42009EC6F6 /* FirebaseStorage */ = {
			isa = XCSwiftPackageProductDependency;
			package = DD040E972EDE8A41009EC6F6 /* XCRemoteSwiftPackageReference "firebase-ios-sdk" */;
			productName = FirebaseStorage;
		};
		DD040EC62EDE8A42009EC6F6 /* FirebaseStorageCombine-Community */ = {
			isa = XCSwiftPackageProductDependency;
			package = DD040E972EDE8A41009EC6F6 /* XCRemoteSwiftPackageReference "firebase-ios-sdk" */;
			productName = "FirebaseStorageCombine-Community";
		};
/* End XCSwiftPackageProductDependency section */
	};
	rootObject = DD308CE42EDA7F7F00FC8D49 /* Project object */;
}
